<?xml version="1.0" encoding="utf-8"?>
<Project ToolsVersion="4.0" xmlns="http://schemas.microsoft.com/developer/msbuild/2003">
  <ItemGroup>
    <ClCompile Include="Debugging\DebugLog.cpp" />
    <ClCompile Include="Core\SirenCore.cpp" />
    <ClCompile Include="Components\ComponentBase.cpp" />
    <ClCompile Include="Graphics\MeshFilter.cpp" />
    <ClCompile Include="Graphics\VertexStructures.cpp" />
    <ClCompile Include="Components\CameraComponent.cpp" />
    <ClCompile Include="Components\MeshComponent.cpp" />
    <ClCompile Include="Components\TransformComponent.cpp" />
    <ClCompile Include="Scenegraph\GameObject.cpp" />
    <ClCompile Include="Scenegraph\SceneBase.cpp" />
    <ClCompile Include="Core\stdafx.cpp" />
    <ClCompile Include="Core\GeneralStructs.cpp" />
    <ClCompile Include="Core\GameTimer.cpp" />
    <ClCompile Include="Prefabs\FreeCamera.cpp" />
    <ClCompile Include="Game\TestScene.cpp" />
    <ClCompile Include="Content\EffectLoader.cpp" />
    <ClCompile Include="Content\ResourceManager.cpp" />
    <ClCompile Include="Materials\Material.cpp" />
    <ClCompile Include="Content\MeshLoader.cpp" />
    <ClCompile Include="Debugging\PerfTimer.cpp" />
    <ClCompile Include="Core\Managers\GameManager.cpp" />
    <ClCompile Include="Core\Managers\InputManager.cpp" />
    <ClCompile Include="Core\Managers\SoundManager.cpp" />
    <ClCompile Include="Components\AudioListener.cpp" />
    <ClCompile Include="Components\AudioSource.cpp" />
    <ClCompile Include="Graphics\RenderTarget.cpp" />
    <ClCompile Include="Content\TextureLoader.cpp" />
    <ClCompile Include="Graphics\Texture.cpp" />
    <ClCompile Include="Rendering\DeferredRenderer.cpp" />
    <ClCompile Include="Rendering\GBufferMaterial.cpp" />
    <ClCompile Include="Helpers\ShaderStructs.cpp" />
    <ClCompile Include="Helpers\BinaryReader.cpp" />
    <ClCompile Include="Materials\Forward\DefaultMaterial.cpp" />
    <ClCompile Include="Materials\Forward\DiffuseMaterial.cpp" />
    <ClCompile Include="Materials\Deferred\BasicMaterial_Deferred.cpp" />
    <ClCompile Include="Rendering\ShadowMapper.cpp" />
    <ClCompile Include="Prefabs\Skybox.cpp" />
    <ClCompile Include="Materials\SkyboxMaterial.cpp" />
    <ClCompile Include="Rendering\ShadowMapMaterial.cpp" />
    <ClCompile Include="main.cpp" />
  </ItemGroup>
  <ItemGroup>
    <ClInclude Include="resource.h" />
    <ClInclude Include="Debugging\DebugLog.h" />
    <ClInclude Include="Core\SirenCore.h" />
    <ClInclude Include="Components\ComponentBase.h" />
    <ClInclude Include="Graphics\MeshFilter.h" />
    <ClInclude Include="Graphics\VertexStructures.h" />
    <ClInclude Include="Components\CameraComponent.h" />
    <ClInclude Include="Components\MeshComponent.h" />
    <ClInclude Include="Components\TransformComponent.h" />
    <ClInclude Include="Scenegraph\GameObject.h" />
    <ClInclude Include="Scenegraph\SceneBase.h" />
    <ClInclude Include="Core\stdafx.h" />
    <ClInclude Include="Core\GeneralStructs.h" />
    <ClInclude Include="Core\GameTimer.h" />
    <ClInclude Include="Prefabs\FreeCamera.h" />
    <ClInclude Include="Helpers\Singleton.h" />
    <ClInclude Include="Game\TestScene.h" />
    <ClInclude Include="Content\EffectLoader.h" />
    <ClInclude Include="Content\ResourceManager.h" />
    <ClInclude Include="Content\ResourceLoader.h" />
    <ClInclude Include="Materials\Material.h" />
    <ClInclude Include="Content\MeshLoader.h" />
    <ClInclude Include="Helpers\SmartInterface.h" />
    <ClInclude Include="Debugging\PerfTimer.h" />
    <ClInclude Include="Core\Managers\GameManager.h" />
    <ClInclude Include="Core\Managers\InputManager.h" />
    <ClInclude Include="Core\Managers\SoundManager.h" />
    <ClInclude Include="Components\AudioListener.h" />
    <ClInclude Include="Components\AudioSource.h" />
    <ClInclude Include="Graphics\RenderTarget.h" />
    <ClInclude Include="Content\TextureLoader.h" />
    <ClInclude Include="Graphics\Texture.h" />
    <ClInclude Include="Rendering\DeferredRenderer.h" />
    <ClInclude Include="Rendering\GBufferMaterial.h" />
    <ClInclude Include="Helpers\ShaderStructs.h" />
    <ClInclude Include="Helpers\BinaryReader.h" />
    <ClInclude Include="Materials\Forward\DiffuseMaterial.h" />
    <ClInclude Include="Materials\Forward\DefaultMaterial.h" />
    <ClInclude Include="Materials\Deferred\BasicMaterial_Deferred.h" />
    <ClInclude Include="Rendering\ShadowMapper.h" />
    <ClInclude Include="Prefabs\Skybox.h" />
    <ClInclude Include="Materials\SkyboxMaterial.h" />
    <ClInclude Include="Rendering\ShadowMapMaterial.h" />
  </ItemGroup>
  <ItemGroup>
    <ResourceCompile Include="SirenEngine.rc" />
  </ItemGroup>
</Project>